<?xml version="1.0" encoding="utf-8"?>
<Project ToolsVersion="4.0" xmlns="http://schemas.microsoft.com/developer/msbuild/2003">
  <ItemGroup>
    <Filter Include="源文件">
      <UniqueIdentifier>{4FC737F1-C7A5-4376-A066-2A32D752A2FF}</UniqueIdentifier>
      <Extensions>cpp;c;cc;cxx;c++;cppm;ixx;def;odl;idl;hpj;bat;asm;asmx</Extensions>
    </Filter>
    <Filter Include="头文件">
      <UniqueIdentifier>{93995380-89BD-4b04-88EB-625FBE52EBFB}</UniqueIdentifier>
      <Extensions>h;hh;hpp;hxx;h++;hm;inl;inc;ipp;xsd</Extensions>
    </Filter>
    <Filter Include="资源文件">
      <UniqueIdentifier>{67DA6AB6-F800-4c08-8B7A-83BB121AAD01}</UniqueIdentifier>
      <Extensions>rc;ico;cur;bmp;dlg;rc2;rct;bin;rgs;gif;jpg;jpeg;jpe;resx;tiff;tif;png;wav;mfcribbon-ms</Extensions>
    </Filter>
  </ItemGroup>
  <ItemGroup>
    <ClCompile Include="01_02_quote_basic.cpp">
      <Filter>源文件</Filter>
    </ClCompile>
    <ClCompile Include="04_constant.cpp">
      <Filter>源文件</Filter>
    </ClCompile>
    <ClCompile Include="03_variables.cpp">
      <Filter>源文件</Filter>
    </ClCompile>
    <ClCompile Include="05_06_keywords_identify.cpp">
      <Filter>源文件</Filter>
    </ClCompile>
    <ClCompile Include="07_integers.cpp">
      <Filter>源文件</Filter>
    </ClCompile>
    <ClCompile Include="08_sizeof.cpp">
      <Filter>源文件</Filter>
    </ClCompile>
    <ClCompile Include="09_real.cpp">
      <Filter>源文件</Filter>
    </ClCompile>
    <ClCompile Include="10_characters.cpp">
      <Filter>源文件</Filter>
    </ClCompile>
    <ClCompile Include="11_Escape_character.cpp">
      <Filter>源文件</Filter>
    </ClCompile>
    <ClCompile Include="12_String.cpp">
      <Filter>源文件</Filter>
    </ClCompile>
    <ClCompile Include="13_Bool.cpp">
      <Filter>源文件</Filter>
    </ClCompile>
    <ClCompile Include="14_input.cpp">
      <Filter>源文件</Filter>
    </ClCompile>
    <ClCompile Include="15_basic_operation.cpp">
      <Filter>源文件</Filter>
    </ClCompile>
    <ClCompile Include="16_Assign_operation.cpp">
      <Filter>源文件</Filter>
    </ClCompile>
    <ClCompile Include="17_Comparisons.cpp">
      <Filter>源文件</Filter>
    </ClCompile>
    <ClCompile Include="18_Logical_Operators.cpp">
      <Filter>源文件</Filter>
    </ClCompile>
    <ClCompile Include="19_If.cpp">
      <Filter>源文件</Filter>
    </ClCompile>
    <ClCompile Include="19_if_exercise.cpp">
      <Filter>源文件</Filter>
    </ClCompile>
    <ClCompile Include="20_Conditional_Operator.cpp">
      <Filter>源文件</Filter>
    </ClCompile>
    <ClCompile Include="21_Switch_Function.cpp">
      <Filter>源文件</Filter>
    </ClCompile>
    <ClCompile Include="22_while_loop.cpp">
      <Filter>源文件</Filter>
    </ClCompile>
    <ClCompile Include="22_while_loop_exercise.cpp">
      <Filter>源文件</Filter>
    </ClCompile>
    <ClCompile Include="23_do_while.cpp">
      <Filter>源文件</Filter>
    </ClCompile>
    <ClCompile Include="23_do_while_exercise.cpp">
      <Filter>源文件</Filter>
    </ClCompile>
    <ClCompile Include="24_for_loop.cpp">
      <Filter>源文件</Filter>
    </ClCompile>
    <ClCompile Include="25_for_loop_exercise.cpp">
      <Filter>源文件</Filter>
    </ClCompile>
    <ClCompile Include="26_nested_loop.cpp">
      <Filter>源文件</Filter>
    </ClCompile>
    <ClCompile Include="26_nested_loop_exercise.cpp">
      <Filter>源文件</Filter>
    </ClCompile>
    <ClCompile Include="27_break.cpp">
      <Filter>源文件</Filter>
    </ClCompile>
    <ClCompile Include="28_continue.cpp">
      <Filter>源文件</Filter>
    </ClCompile>
    <ClCompile Include="29_goto.cpp">
      <Filter>源文件</Filter>
    </ClCompile>
    <ClCompile Include="30_array.cpp">
      <Filter>源文件</Filter>
    </ClCompile>
    <ClCompile Include="31_Name_of_Array.cpp">
      <Filter>源文件</Filter>
    </ClCompile>
    <ClCompile Include="31_Name_of_Arrary_Example.cpp">
      <Filter>源文件</Filter>
    </ClCompile>
    <ClCompile Include="31_Name_of_Array_Example_2.cpp">
      <Filter>源文件</Filter>
    </ClCompile>
    <ClCompile Include="32_Bubble_Sort.cpp">
      <Filter>源文件</Filter>
    </ClCompile>
    <ClCompile Include="33_2d_array.cpp">
      <Filter>源文件</Filter>
    </ClCompile>
    <ClCompile Include="34_2d_array_name.cpp">
      <Filter>源文件</Filter>
    </ClCompile>
    <ClCompile Include="33_2d_array_exercise.cpp">
      <Filter>源文件</Filter>
    </ClCompile>
    <ClCompile Include="35_functions.cpp">
      <Filter>源文件</Filter>
    </ClCompile>
    <ClCompile Include="36_using_functions.cpp">
      <Filter>源文件</Filter>
    </ClCompile>
    <ClCompile Include="37_passing_values.cpp">
      <Filter>源文件</Filter>
    </ClCompile>
    <ClCompile Include="38_common_forms_function.cpp">
      <Filter>源文件</Filter>
    </ClCompile>
    <ClCompile Include="39_Claim_of_functions.cpp">
      <Filter>源文件</Filter>
    </ClCompile>
    <ClCompile Include="40_Separate_coding.cpp">
      <Filter>源文件</Filter>
    </ClCompile>
    <ClCompile Include="40_swap.cpp">
      <Filter>源文件</Filter>
    </ClCompile>
    <ClCompile Include="41_pointer.cpp">
      <Filter>源文件</Filter>
    </ClCompile>
    <ClCompile Include="42_memory_used_by_pointer.cpp">
      <Filter>源文件</Filter>
    </ClCompile>
    <ClCompile Include="43_void_wild_pointer.cpp">
      <Filter>源文件</Filter>
    </ClCompile>
    <ClCompile Include="44_constant_pointers.cpp">
      <Filter>源文件</Filter>
    </ClCompile>
    <ClCompile Include="45_pointer_and_array.cpp">
      <Filter>源文件</Filter>
    </ClCompile>
    <ClCompile Include="46_pointer_and_functions.cpp">
      <Filter>源文件</Filter>
    </ClCompile>
    <ClCompile Include="46_pointer_exercise.cpp">
      <Filter>源文件</Filter>
    </ClCompile>
    <ClCompile Include="47_struct.cpp">
      <Filter>源文件</Filter>
    </ClCompile>
    <ClCompile Include="48_struct_array.cpp">
      <Filter>源文件</Filter>
    </ClCompile>
    <ClCompile Include="49_pointer_struct.cpp">
      <Filter>源文件</Filter>
    </ClCompile>
    <ClCompile Include="50_Nested_struct.cpp">
      <Filter>源文件</Filter>
    </ClCompile>
    <ClCompile Include="51_struct_as_params.cpp">
      <Filter>源文件</Filter>
    </ClCompile>
    <ClCompile Include="52_const_struct.cpp">
      <Filter>源文件</Filter>
    </ClCompile>
    <ClCompile Include="52_example_struct.cpp">
      <Filter>源文件</Filter>
    </ClCompile>
    <ClCompile Include="52_struct_example_2.cpp">
      <Filter>源文件</Filter>
    </ClCompile>
    <ClCompile Include="53_Global_Zone.cpp">
      <Filter>源文件</Filter>
    </ClCompile>
    <ClCompile Include="54_stack_zone.cpp">
      <Filter>源文件</Filter>
    </ClCompile>
    <ClCompile Include="55_heap_area.cpp">
      <Filter>源文件</Filter>
    </ClCompile>
    <ClCompile Include="56_New_Operator.cpp">
      <Filter>源文件</Filter>
    </ClCompile>
    <ClCompile Include="57_Reference.cpp">
      <Filter>源文件</Filter>
    </ClCompile>
    <ClCompile Include="58_Reference_as_params.cpp">
      <Filter>源文件</Filter>
    </ClCompile>
    <ClCompile Include="59_Reference_as_return.cpp">
      <Filter>源文件</Filter>
    </ClCompile>
    <ClCompile Include="60_Constant_Reference.cpp">
      <Filter>源文件</Filter>
    </ClCompile>
    <ClCompile Include="61_Function_Default_Param.cpp">
      <Filter>源文件</Filter>
    </ClCompile>
    <ClCompile Include="62_Placeholder.cpp">
      <Filter>源文件</Filter>
    </ClCompile>
    <ClCompile Include="63_Function_Reload.cpp">
      <Filter>源文件</Filter>
    </ClCompile>
    <ClCompile Include="64_Function_Reload_Attention.cpp">
      <Filter>源文件</Filter>
    </ClCompile>
  </ItemGroup>
  <ItemGroup>
    <ClInclude Include="40.h">
      <Filter>头文件</Filter>
    </ClInclude>
  </ItemGroup>
</Project>